<?xml version="1.0" encoding="UTF-8" standalone="yes" ?>
<CodeBlocks_project_file>
   <FileVersion major="1" minor="6" />
   <Project>
      <Option title="Urho3D-Samples" />
      <Option makefile_is_custom="1" />
      <Option compiler="gcc" />
      <Option virtualFolders="CMake Files\;CMake Files\CMake\;CMake Files\CMake\Modules\;CMake Files\Source\;CMake Files\Source\ThirdParty\;CMake Files\Source\ThirdParty\FreeType\;CMake Files\Source\ThirdParty\JO\;CMake Files\Source\ThirdParty\LZ4\;CMake Files\Source\ThirdParty\PugiXml\;CMake Files\Source\ThirdParty\rapidjson\;CMake Files\Source\ThirdParty\SDL\;CMake Files\Source\ThirdParty\StanHull\;CMake Files\Source\ThirdParty\STB\;CMake Files\Source\ThirdParty\AngelScript\;CMake Files\Source\ThirdParty\Lua\;CMake Files\Source\ThirdParty\toluapp\;CMake Files\Source\ThirdParty\toluapp\src\;CMake Files\Source\ThirdParty\toluapp\src\lib\;CMake Files\Source\ThirdParty\toluapp\src\bin\;CMake Files\Source\ThirdParty\Civetweb\;CMake Files\Source\ThirdParty\kNet\;CMake Files\Source\ThirdParty\Detour\;CMake Files\Source\ThirdParty\DetourCrowd\;CMake Files\Source\ThirdParty\DetourTileCache\;CMake Files\Source\ThirdParty\Recast\;CMake Files\Source\ThirdParty\Box2D\;CMake Files\Source\ThirdParty\Bullet\;CMake Files\Source\ThirdParty\GLEW\;CMake Files\Source\ThirdParty\LibCpuId\;CMake Files\Source\ThirdParty\Assimp\;CMake Files\Source\Urho3D\;CMake Files\Source\Tools\;CMake Files\Source\Tools\Urho3DPlayer\;CMake Files\Source\Tools\AssetImporter\;CMake Files\Source\Tools\OgreImporter\;CMake Files\Source\Tools\PackageTool\;CMake Files\Source\Tools\RampGenerator\;CMake Files\Source\Tools\SpritePacker\;CMake Files\Source\Tools\ScriptCompiler\;CMake Files\Source\MyProjects\;CMake Files\Source\MyProjects\01_HelloWorld2\;CMake Files\Source\MyProjects\19_VehicleDemo2\;CMake Files\Docs\;" />
      <Build>
      <Target title="all">
         <Option working_dir="/home/lukas/urho3d_workspace/Urho3D/Source/MyProjects" />
         <Option type="4" />
         <MakeCommands>
            <Build command="/usr/bin/make -f &quot;/home/lukas/urho3d_workspace/Urho3D/Source/MyProjects/Makefile&quot;  VERBOSE=1 all" />
            <CompileFile command="/usr/bin/make -f &quot;/home/lukas/urho3d_workspace/Urho3D/Source/MyProjects/Makefile&quot;  VERBOSE=1 &quot;$file&quot;" />
            <Clean command="/usr/bin/make -f &quot;/home/lukas/urho3d_workspace/Urho3D/Source/MyProjects/Makefile&quot;  VERBOSE=1 clean" />
            <DistClean command="/usr/bin/make -f &quot;/home/lukas/urho3d_workspace/Urho3D/Source/MyProjects/Makefile&quot;  VERBOSE=1 clean" />
         </MakeCommands>
      </Target>
      <Target title="01_HelloWorld2">
         <Option output="/home/lukas/urho3d_workspace/Urho3D/bin/01_HelloWorld2" prefix_auto="0" extension_auto="0" />
         <Option working_dir="/home/lukas/urho3d_workspace/Urho3D/bin" />
         <Option object_output="./" />
         <Option type="1" />
         <Option compiler="gcc" />
         <Compiler>
            <Add option="-DURHO3D_FILEWATCHER" />
            <Add option="-DURHO3D_PROFILING" />
            <Add option="-DURHO3D_LOGGING" />
            <Add option="-DURHO3D_THREADING" />
            <Add option="-DGLEW_STATIC" />
            <Add option="-DGLEW_NO_GLU" />
            <Add option="-DURHO3D_STATIC_DEFINE" />
            <Add option="-DURHO3D_ANGELSCRIPT" />
            <Add option="-DURHO3D_LUA" />
            <Add option="-DTOLUA_RELEASE" />
            <Add option="-DURHO3D_NAVIGATION" />
            <Add option="-DURHO3D_NETWORK" />
            <Add option="-DURHO3D_PHYSICS" />
            <Add option="-DURHO3D_URHO2D" />
            <Add option="-DHAVE_STDINT_H" />
            <Add directory="/home/lukas/urho3d_workspace/Urho3D/Source/MyProjects" />
            <Add directory="/home/lukas/urho3d_workspace/Urho3D/include" />
            <Add directory="/home/lukas/urho3d_workspace/Urho3D/include/Urho3D/ThirdParty" />
            <Add directory="/home/lukas/urho3d_workspace/Urho3D/include/Urho3D/ThirdParty/Bullet" />
            <Add directory="/home/lukas/urho3d_workspace/Urho3D/include/Urho3D/ThirdParty/Lua" />
         </Compiler>
         <MakeCommands>
            <Build command="/usr/bin/make -f &quot;/home/lukas/urho3d_workspace/Urho3D/Source/MyProjects/01_HelloWorld2/Makefile&quot;  VERBOSE=1 01_HelloWorld2" />
            <CompileFile command="/usr/bin/make -f &quot;/home/lukas/urho3d_workspace/Urho3D/Source/MyProjects/01_HelloWorld2/Makefile&quot;  VERBOSE=1 &quot;$file&quot;" />
            <Clean command="/usr/bin/make -f &quot;/home/lukas/urho3d_workspace/Urho3D/Source/MyProjects/01_HelloWorld2/Makefile&quot;  VERBOSE=1 clean" />
            <DistClean command="/usr/bin/make -f &quot;/home/lukas/urho3d_workspace/Urho3D/Source/MyProjects/01_HelloWorld2/Makefile&quot;  VERBOSE=1 clean" />
         </MakeCommands>
      </Target>
      <Target title="01_HelloWorld2/fast">
         <Option output="/home/lukas/urho3d_workspace/Urho3D/bin/01_HelloWorld2" prefix_auto="0" extension_auto="0" />
         <Option working_dir="/home/lukas/urho3d_workspace/Urho3D/bin" />
         <Option object_output="./" />
         <Option type="1" />
         <Option compiler="gcc" />
         <Compiler>
            <Add option="-DURHO3D_FILEWATCHER" />
            <Add option="-DURHO3D_PROFILING" />
            <Add option="-DURHO3D_LOGGING" />
            <Add option="-DURHO3D_THREADING" />
            <Add option="-DGLEW_STATIC" />
            <Add option="-DGLEW_NO_GLU" />
            <Add option="-DURHO3D_STATIC_DEFINE" />
            <Add option="-DURHO3D_ANGELSCRIPT" />
            <Add option="-DURHO3D_LUA" />
            <Add option="-DTOLUA_RELEASE" />
            <Add option="-DURHO3D_NAVIGATION" />
            <Add option="-DURHO3D_NETWORK" />
            <Add option="-DURHO3D_PHYSICS" />
            <Add option="-DURHO3D_URHO2D" />
            <Add option="-DHAVE_STDINT_H" />
            <Add directory="/home/lukas/urho3d_workspace/Urho3D/Source/MyProjects" />
            <Add directory="/home/lukas/urho3d_workspace/Urho3D/include" />
            <Add directory="/home/lukas/urho3d_workspace/Urho3D/include/Urho3D/ThirdParty" />
            <Add directory="/home/lukas/urho3d_workspace/Urho3D/include/Urho3D/ThirdParty/Bullet" />
            <Add directory="/home/lukas/urho3d_workspace/Urho3D/include/Urho3D/ThirdParty/Lua" />
         </Compiler>
         <MakeCommands>
            <Build command="/usr/bin/make -f &quot;/home/lukas/urho3d_workspace/Urho3D/Source/MyProjects/01_HelloWorld2/Makefile&quot;  VERBOSE=1 01_HelloWorld2/fast" />
            <CompileFile command="/usr/bin/make -f &quot;/home/lukas/urho3d_workspace/Urho3D/Source/MyProjects/01_HelloWorld2/Makefile&quot;  VERBOSE=1 &quot;$file&quot;" />
            <Clean command="/usr/bin/make -f &quot;/home/lukas/urho3d_workspace/Urho3D/Source/MyProjects/01_HelloWorld2/Makefile&quot;  VERBOSE=1 clean" />
            <DistClean command="/usr/bin/make -f &quot;/home/lukas/urho3d_workspace/Urho3D/Source/MyProjects/01_HelloWorld2/Makefile&quot;  VERBOSE=1 clean" />
         </MakeCommands>
      </Target>
      <Target title="19_VehicleDemo2">
         <Option output="/home/lukas/urho3d_workspace/Urho3D/bin/19_VehicleDemo2" prefix_auto="0" extension_auto="0" />
         <Option working_dir="/home/lukas/urho3d_workspace/Urho3D/bin" />
         <Option object_output="./" />
         <Option type="1" />
         <Option compiler="gcc" />
         <Compiler>
            <Add option="-DURHO3D_FILEWATCHER" />
            <Add option="-DURHO3D_PROFILING" />
            <Add option="-DURHO3D_LOGGING" />
            <Add option="-DURHO3D_THREADING" />
            <Add option="-DGLEW_STATIC" />
            <Add option="-DGLEW_NO_GLU" />
            <Add option="-DURHO3D_STATIC_DEFINE" />
            <Add option="-DURHO3D_ANGELSCRIPT" />
            <Add option="-DURHO3D_LUA" />
            <Add option="-DTOLUA_RELEASE" />
            <Add option="-DURHO3D_NAVIGATION" />
            <Add option="-DURHO3D_NETWORK" />
            <Add option="-DURHO3D_PHYSICS" />
            <Add option="-DURHO3D_URHO2D" />
            <Add option="-DHAVE_STDINT_H" />
            <Add directory="/home/lukas/urho3d_workspace/Urho3D/Source/MyProjects" />
            <Add directory="/home/lukas/urho3d_workspace/Urho3D/include" />
            <Add directory="/home/lukas/urho3d_workspace/Urho3D/include/Urho3D/ThirdParty" />
            <Add directory="/home/lukas/urho3d_workspace/Urho3D/include/Urho3D/ThirdParty/Bullet" />
            <Add directory="/home/lukas/urho3d_workspace/Urho3D/include/Urho3D/ThirdParty/Lua" />
         </Compiler>
         <MakeCommands>
            <Build command="/usr/bin/make -f &quot;/home/lukas/urho3d_workspace/Urho3D/Source/MyProjects/19_VehicleDemo2/Makefile&quot;  VERBOSE=1 19_VehicleDemo2" />
            <CompileFile command="/usr/bin/make -f &quot;/home/lukas/urho3d_workspace/Urho3D/Source/MyProjects/19_VehicleDemo2/Makefile&quot;  VERBOSE=1 &quot;$file&quot;" />
            <Clean command="/usr/bin/make -f &quot;/home/lukas/urho3d_workspace/Urho3D/Source/MyProjects/19_VehicleDemo2/Makefile&quot;  VERBOSE=1 clean" />
            <DistClean command="/usr/bin/make -f &quot;/home/lukas/urho3d_workspace/Urho3D/Source/MyProjects/19_VehicleDemo2/Makefile&quot;  VERBOSE=1 clean" />
         </MakeCommands>
      </Target>
      <Target title="19_VehicleDemo2/fast">
         <Option output="/home/lukas/urho3d_workspace/Urho3D/bin/19_VehicleDemo2" prefix_auto="0" extension_auto="0" />
         <Option working_dir="/home/lukas/urho3d_workspace/Urho3D/bin" />
         <Option object_output="./" />
         <Option type="1" />
         <Option compiler="gcc" />
         <Compiler>
            <Add option="-DURHO3D_FILEWATCHER" />
            <Add option="-DURHO3D_PROFILING" />
            <Add option="-DURHO3D_LOGGING" />
            <Add option="-DURHO3D_THREADING" />
            <Add option="-DGLEW_STATIC" />
            <Add option="-DGLEW_NO_GLU" />
            <Add option="-DURHO3D_STATIC_DEFINE" />
            <Add option="-DURHO3D_ANGELSCRIPT" />
            <Add option="-DURHO3D_LUA" />
            <Add option="-DTOLUA_RELEASE" />
            <Add option="-DURHO3D_NAVIGATION" />
            <Add option="-DURHO3D_NETWORK" />
            <Add option="-DURHO3D_PHYSICS" />
            <Add option="-DURHO3D_URHO2D" />
            <Add option="-DHAVE_STDINT_H" />
            <Add directory="/home/lukas/urho3d_workspace/Urho3D/Source/MyProjects" />
            <Add directory="/home/lukas/urho3d_workspace/Urho3D/include" />
            <Add directory="/home/lukas/urho3d_workspace/Urho3D/include/Urho3D/ThirdParty" />
            <Add directory="/home/lukas/urho3d_workspace/Urho3D/include/Urho3D/ThirdParty/Bullet" />
            <Add directory="/home/lukas/urho3d_workspace/Urho3D/include/Urho3D/ThirdParty/Lua" />
         </Compiler>
         <MakeCommands>
            <Build command="/usr/bin/make -f &quot;/home/lukas/urho3d_workspace/Urho3D/Source/MyProjects/19_VehicleDemo2/Makefile&quot;  VERBOSE=1 19_VehicleDemo2/fast" />
            <CompileFile command="/usr/bin/make -f &quot;/home/lukas/urho3d_workspace/Urho3D/Source/MyProjects/19_VehicleDemo2/Makefile&quot;  VERBOSE=1 &quot;$file&quot;" />
            <Clean command="/usr/bin/make -f &quot;/home/lukas/urho3d_workspace/Urho3D/Source/MyProjects/19_VehicleDemo2/Makefile&quot;  VERBOSE=1 clean" />
            <DistClean command="/usr/bin/make -f &quot;/home/lukas/urho3d_workspace/Urho3D/Source/MyProjects/19_VehicleDemo2/Makefile&quot;  VERBOSE=1 clean" />
         </MakeCommands>
      </Target>
      </Build>
      <Unit filename="/home/lukas/urho3d_workspace/Urho3D/Source/MyProjects/01_HelloWorld2/HelloWorld.cpp">
      </Unit>
      <Unit filename="/home/lukas/urho3d_workspace/Urho3D/Source/MyProjects/19_VehicleDemo2/Vehicle.cpp">
      </Unit>
      <Unit filename="/home/lukas/urho3d_workspace/Urho3D/Source/MyProjects/19_VehicleDemo2/VehicleDemo.cpp">
      </Unit>
      <Unit filename="/home/lukas/urho3d_workspace/Urho3D/Source/MyProjects/01_HelloWorld2/HelloWorld.h">
      </Unit>
      <Unit filename="/home/lukas/urho3d_workspace/Urho3D/Source/MyProjects/19_VehicleDemo2/Vehicle.h">
      </Unit>
      <Unit filename="/home/lukas/urho3d_workspace/Urho3D/Source/MyProjects/19_VehicleDemo2/VehicleDemo.h">
      </Unit>
      <Unit filename="/home/lukas/urho3d_workspace/Urho3D/Source/MyProjects/Sample.h">
      </Unit>
      <Unit filename="/home/lukas/urho3d_workspace/Urho3D/Source/MyProjects/Sample.inl">
      </Unit>
      <Unit filename="/home/lukas/urho3d_workspace/Urho3D/bin/CoreData">
      </Unit>
      <Unit filename="/home/lukas/urho3d_workspace/Urho3D/bin/Data">
      </Unit>
      <Unit filename="/home/lukas/urho3d_workspace/Urho3D/CMakeLists.txt">
          <Option virtualFolder="CMake Files\" />
      </Unit>
      <Unit filename="/home/lukas/urho3d_workspace/Urho3D/CMake/Modules/Urho3D-CMake-common.cmake">
          <Option virtualFolder="CMake Files\CMake\Modules\" />
      </Unit>
      <Unit filename="/home/lukas/urho3d_workspace/Urho3D/CMake/Modules/GenerateExportHeader.cmake">
          <Option virtualFolder="CMake Files\CMake\Modules\" />
      </Unit>
      <Unit filename="/home/lukas/urho3d_workspace/Urho3D/CMake/Modules/FindPulseAudio.cmake">
          <Option virtualFolder="CMake Files\CMake\Modules\" />
      </Unit>
      <Unit filename="/home/lukas/urho3d_workspace/Urho3D/CMake/Modules/exportheader.cmake.in">
          <Option virtualFolder="CMake Files\CMake\Modules\" />
      </Unit>
      <Unit filename="/home/lukas/urho3d_workspace/Urho3D/CMake/Modules/FindUrho3D.cmake">
          <Option virtualFolder="CMake Files\CMake\Modules\" />
      </Unit>
      <Unit filename="/home/lukas/urho3d_workspace/Urho3D/CMake/Modules/FindUrho3D.cmake">
          <Option virtualFolder="CMake Files\CMake\Modules\" />
      </Unit>
      <Unit filename="/home/lukas/urho3d_workspace/Urho3D/CMake/Modules/FindUrho3D.cmake">
          <Option virtualFolder="CMake Files\CMake\Modules\" />
      </Unit>
      <Unit filename="/home/lukas/urho3d_workspace/Urho3D/CMake/Modules/FindUrho3D.cmake">
          <Option virtualFolder="CMake Files\CMake\Modules\" />
      </Unit>
      <Unit filename="/home/lukas/urho3d_workspace/Urho3D/Source/CMakeLists.txt">
          <Option virtualFolder="CMake Files\Source\" />
      </Unit>
      <Unit filename="/home/lukas/urho3d_workspace/Urho3D/Source/ThirdParty/FreeType/CMakeLists.txt">
          <Option virtualFolder="CMake Files\Source\ThirdParty\FreeType\" />
      </Unit>
      <Unit filename="/home/lukas/urho3d_workspace/Urho3D/Source/ThirdParty/JO/CMakeLists.txt">
          <Option virtualFolder="CMake Files\Source\ThirdParty\JO\" />
      </Unit>
      <Unit filename="/home/lukas/urho3d_workspace/Urho3D/Source/ThirdParty/LZ4/CMakeLists.txt">
          <Option virtualFolder="CMake Files\Source\ThirdParty\LZ4\" />
      </Unit>
      <Unit filename="/home/lukas/urho3d_workspace/Urho3D/Source/ThirdParty/PugiXml/CMakeLists.txt">
          <Option virtualFolder="CMake Files\Source\ThirdParty\PugiXml\" />
      </Unit>
      <Unit filename="/home/lukas/urho3d_workspace/Urho3D/Source/ThirdParty/rapidjson/CMakeLists.txt">
          <Option virtualFolder="CMake Files\Source\ThirdParty\rapidjson\" />
      </Unit>
      <Unit filename="/home/lukas/urho3d_workspace/Urho3D/Source/ThirdParty/SDL/CMakeLists.txt">
          <Option virtualFolder="CMake Files\Source\ThirdParty\SDL\" />
      </Unit>
      <Unit filename="/home/lukas/urho3d_workspace/Urho3D/Source/ThirdParty/StanHull/CMakeLists.txt">
          <Option virtualFolder="CMake Files\Source\ThirdParty\StanHull\" />
      </Unit>
      <Unit filename="/home/lukas/urho3d_workspace/Urho3D/Source/ThirdParty/STB/CMakeLists.txt">
          <Option virtualFolder="CMake Files\Source\ThirdParty\STB\" />
      </Unit>
      <Unit filename="/home/lukas/urho3d_workspace/Urho3D/Source/ThirdParty/AngelScript/CMakeLists.txt">
          <Option virtualFolder="CMake Files\Source\ThirdParty\AngelScript\" />
      </Unit>
      <Unit filename="/home/lukas/urho3d_workspace/Urho3D/Source/ThirdParty/Lua/CMakeLists.txt">
          <Option virtualFolder="CMake Files\Source\ThirdParty\Lua\" />
      </Unit>
      <Unit filename="/home/lukas/urho3d_workspace/Urho3D/Source/ThirdParty/toluapp/src/lib/CMakeLists.txt">
          <Option virtualFolder="CMake Files\Source\ThirdParty\toluapp\src\lib\" />
      </Unit>
      <Unit filename="/home/lukas/urho3d_workspace/Urho3D/Source/ThirdParty/toluapp/src/bin/CMakeLists.txt">
          <Option virtualFolder="CMake Files\Source\ThirdParty\toluapp\src\bin\" />
      </Unit>
      <Unit filename="/home/lukas/urho3d_workspace/Urho3D/Source/ThirdParty/Civetweb/CMakeLists.txt">
          <Option virtualFolder="CMake Files\Source\ThirdParty\Civetweb\" />
      </Unit>
      <Unit filename="/home/lukas/urho3d_workspace/Urho3D/Source/ThirdParty/kNet/CMakeLists.txt">
          <Option virtualFolder="CMake Files\Source\ThirdParty\kNet\" />
      </Unit>
      <Unit filename="/home/lukas/urho3d_workspace/Urho3D/Source/ThirdParty/Detour/CMakeLists.txt">
          <Option virtualFolder="CMake Files\Source\ThirdParty\Detour\" />
      </Unit>
      <Unit filename="/home/lukas/urho3d_workspace/Urho3D/Source/ThirdParty/DetourCrowd/CMakeLists.txt">
          <Option virtualFolder="CMake Files\Source\ThirdParty\DetourCrowd\" />
      </Unit>
      <Unit filename="/home/lukas/urho3d_workspace/Urho3D/Source/ThirdParty/DetourTileCache/CMakeLists.txt">
          <Option virtualFolder="CMake Files\Source\ThirdParty\DetourTileCache\" />
      </Unit>
      <Unit filename="/home/lukas/urho3d_workspace/Urho3D/Source/ThirdParty/Recast/CMakeLists.txt">
          <Option virtualFolder="CMake Files\Source\ThirdParty\Recast\" />
      </Unit>
      <Unit filename="/home/lukas/urho3d_workspace/Urho3D/Source/ThirdParty/Box2D/CMakeLists.txt">
          <Option virtualFolder="CMake Files\Source\ThirdParty\Box2D\" />
      </Unit>
      <Unit filename="/home/lukas/urho3d_workspace/Urho3D/Source/ThirdParty/Bullet/CMakeLists.txt">
          <Option virtualFolder="CMake Files\Source\ThirdParty\Bullet\" />
      </Unit>
      <Unit filename="/home/lukas/urho3d_workspace/Urho3D/Source/ThirdParty/GLEW/CMakeLists.txt">
          <Option virtualFolder="CMake Files\Source\ThirdParty\GLEW\" />
      </Unit>
      <Unit filename="/home/lukas/urho3d_workspace/Urho3D/Source/ThirdParty/LibCpuId/CMakeLists.txt">
          <Option virtualFolder="CMake Files\Source\ThirdParty\LibCpuId\" />
      </Unit>
      <Unit filename="/home/lukas/urho3d_workspace/Urho3D/Source/ThirdParty/Assimp/CMakeLists.txt">
          <Option virtualFolder="CMake Files\Source\ThirdParty\Assimp\" />
      </Unit>
      <Unit filename="/home/lukas/urho3d_workspace/Urho3D/Source/ThirdParty/Assimp/CMakeLists.txt">
          <Option virtualFolder="CMake Files\Source\ThirdParty\Assimp\" />
      </Unit>
      <Unit filename="/home/lukas/urho3d_workspace/Urho3D/Source/Urho3D/CMakeLists.txt">
          <Option virtualFolder="CMake Files\Source\Urho3D\" />
      </Unit>
      <Unit filename="/home/lukas/urho3d_workspace/Urho3D/Source/Urho3D/Urho3D.pc.in">
          <Option virtualFolder="CMake Files\Source\Urho3D\" />
      </Unit>
      <Unit filename="/home/lukas/urho3d_workspace/Urho3D/Source/Tools/CMakeLists.txt">
          <Option virtualFolder="CMake Files\Source\Tools\" />
      </Unit>
      <Unit filename="/home/lukas/urho3d_workspace/Urho3D/Source/Tools/CMakeLists.txt">
          <Option virtualFolder="CMake Files\Source\Tools\" />
      </Unit>
      <Unit filename="/home/lukas/urho3d_workspace/Urho3D/Source/Tools/Urho3DPlayer/CMakeLists.txt">
          <Option virtualFolder="CMake Files\Source\Tools\Urho3DPlayer\" />
      </Unit>
      <Unit filename="/home/lukas/urho3d_workspace/Urho3D/Source/Tools/Urho3DPlayer/CMakeLists.txt">
          <Option virtualFolder="CMake Files\Source\Tools\Urho3DPlayer\" />
      </Unit>
      <Unit filename="/home/lukas/urho3d_workspace/Urho3D/Source/Tools/AssetImporter/CMakeLists.txt">
          <Option virtualFolder="CMake Files\Source\Tools\AssetImporter\" />
      </Unit>
      <Unit filename="/home/lukas/urho3d_workspace/Urho3D/Source/Tools/AssetImporter/CMakeLists.txt">
          <Option virtualFolder="CMake Files\Source\Tools\AssetImporter\" />
      </Unit>
      <Unit filename="/home/lukas/urho3d_workspace/Urho3D/Source/Tools/OgreImporter/CMakeLists.txt">
          <Option virtualFolder="CMake Files\Source\Tools\OgreImporter\" />
      </Unit>
      <Unit filename="/home/lukas/urho3d_workspace/Urho3D/Source/Tools/OgreImporter/CMakeLists.txt">
          <Option virtualFolder="CMake Files\Source\Tools\OgreImporter\" />
      </Unit>
      <Unit filename="/home/lukas/urho3d_workspace/Urho3D/Source/Tools/PackageTool/CMakeLists.txt">
          <Option virtualFolder="CMake Files\Source\Tools\PackageTool\" />
      </Unit>
      <Unit filename="/home/lukas/urho3d_workspace/Urho3D/Source/Tools/PackageTool/CMakeLists.txt">
          <Option virtualFolder="CMake Files\Source\Tools\PackageTool\" />
      </Unit>
      <Unit filename="/home/lukas/urho3d_workspace/Urho3D/Source/Tools/RampGenerator/CMakeLists.txt">
          <Option virtualFolder="CMake Files\Source\Tools\RampGenerator\" />
      </Unit>
      <Unit filename="/home/lukas/urho3d_workspace/Urho3D/Source/Tools/RampGenerator/CMakeLists.txt">
          <Option virtualFolder="CMake Files\Source\Tools\RampGenerator\" />
      </Unit>
      <Unit filename="/home/lukas/urho3d_workspace/Urho3D/Source/Tools/SpritePacker/CMakeLists.txt">
          <Option virtualFolder="CMake Files\Source\Tools\SpritePacker\" />
      </Unit>
      <Unit filename="/home/lukas/urho3d_workspace/Urho3D/Source/Tools/SpritePacker/CMakeLists.txt">
          <Option virtualFolder="CMake Files\Source\Tools\SpritePacker\" />
      </Unit>
      <Unit filename="/home/lukas/urho3d_workspace/Urho3D/Source/Tools/ScriptCompiler/CMakeLists.txt">
          <Option virtualFolder="CMake Files\Source\Tools\ScriptCompiler\" />
      </Unit>
      <Unit filename="/home/lukas/urho3d_workspace/Urho3D/Source/Tools/ScriptCompiler/CMakeLists.txt">
          <Option virtualFolder="CMake Files\Source\Tools\ScriptCompiler\" />
      </Unit>
      <Unit filename="/home/lukas/urho3d_workspace/Urho3D/Source/MyProjects/CMakeLists.txt">
          <Option virtualFolder="CMake Files\Source\MyProjects\" />
      </Unit>
      <Unit filename="/home/lukas/urho3d_workspace/Urho3D/Source/MyProjects/CMakeLists.txt">
          <Option virtualFolder="CMake Files\Source\MyProjects\" />
      </Unit>
      <Unit filename="/home/lukas/urho3d_workspace/Urho3D/Source/MyProjects/01_HelloWorld2/CMakeLists.txt">
          <Option virtualFolder="CMake Files\Source\MyProjects\01_HelloWorld2\" />
      </Unit>
      <Unit filename="/home/lukas/urho3d_workspace/Urho3D/Source/MyProjects/01_HelloWorld2/CMakeLists.txt">
          <Option virtualFolder="CMake Files\Source\MyProjects\01_HelloWorld2\" />
      </Unit>
      <Unit filename="/home/lukas/urho3d_workspace/Urho3D/Source/MyProjects/19_VehicleDemo2/CMakeLists.txt">
          <Option virtualFolder="CMake Files\Source\MyProjects\19_VehicleDemo2\" />
      </Unit>
      <Unit filename="/home/lukas/urho3d_workspace/Urho3D/Source/MyProjects/19_VehicleDemo2/CMakeLists.txt">
          <Option virtualFolder="CMake Files\Source\MyProjects\19_VehicleDemo2\" />
      </Unit>
      <Unit filename="/home/lukas/urho3d_workspace/Urho3D/Docs/CMakeLists.txt">
          <Option virtualFolder="CMake Files\Docs\" />
      </Unit>
      <Unit filename="/home/lukas/urho3d_workspace/Urho3D/Docs/CMakeLists.txt">
          <Option virtualFolder="CMake Files\Docs\" />
      </Unit>
   </Project>
</CodeBlocks_project_file>
